
Microsoft Visual Studio Solution File, Format Version 12.00
# Visual Studio 2012
Project("{FAE04EC0-301F-11D3-BF4B-00C04F79EFBC}") = "Fuel Economy Calculator", "Fuel Economy Calculator\Fuel Economy Calculator.csproj", "{E8B81919-F2D4-4BD1-A843-A4FD0C216328}"
EndProject
Global
	GlobalSection(SolutionConfigurationPlatforms) = preSolution
		Debug|Any CPU = Debug|Any CPU
		Debug|ARM = Debug|ARM
		Debug|x64 = Debug|x64
		Debug|x86 = Debug|x86
		Release|Any CPU = Release|Any CPU
		Release|ARM = Release|ARM
		Release|x64 = Release|x64
		Release|x86 = Release|x86
	EndGlobalSection
	GlobalSection(ProjectConfigurationPlatforms) = postSolution
		{E8B81919-F2D4-4BD1-A843-A4FD0C216328}.Debug|Any CPU.ActiveCfg = Debug|Any CPU
		{E8B81919-F2D4-4BD1-A843-A4FD0C216328}.Debug|Any CPU.Build.0 = Debug|Any CPU
		{E8B81919-F2D4-4BD1-A843-A4FD0C216328}.Debug|Any CPU.Deploy.0 = Debug|Any CPU
		{E8B81919-F2D4-4BD1-A843-A4FD0C216328}.Debug|ARM.ActiveCfg = Debug|ARM
		{E8B81919-F2D4-4BD1-A843-A4FD0C216328}.Debug|ARM.Build.0 = Debug|ARM
		{E8B81919-F2D4-4BD1-A843-A4FD0C216328}.Debug|ARM.Deploy.0 = Debug|ARM
		{E8B81919-F2D4-4BD1-A843-A4FD0C216328}.Debug|x64.ActiveCfg = Debug|x64
		{E8B81919-F2D4-4BD1-A843-A4FD0C216328}.Debug|x64.Build.0 = Debug|x64
		{E8B81919-F2D4-4BD1-A843-A4FD0C216328}.Debug|x64.Deploy.0 = Debug|x64
		{E8B81919-F2D4-4BD1-A843-A4FD0C216328}.Debug|x86.ActiveCfg = Debug|x86
		{E8B81919-F2D4-4BD1-A843-A4FD0C216328}.Debug|x86.Build.0 = Debug|x86
		{E8B81919-F2D4-4BD1-A843-A4FD0C216328}.Debug|x86.Deploy.0 = Debug|x86
		{E8B81919-F2D4-4BD1-A843-A4FD0C216328}.Release|Any CPU.ActiveCfg = Release|Any CPU
		{E8B81919-F2D4-4BD1-A843-A4FD0C216328}.Release|Any CPU.Build.0 = Release|Any CPU
		{E8B81919-F2D4-4BD1-A843-A4FD0C216328}.Release|Any CPU.Deploy.0 = Release|Any CPU
		{E8B81919-F2D4-4BD1-A843-A4FD0C216328}.Release|ARM.ActiveCfg = Release|ARM
		{E8B81919-F2D4-4BD1-A843-A4FD0C216328}.Release|ARM.Build.0 = Release|ARM
		{E8B81919-F2D4-4BD1-A843-A4FD0C216328}.Release|ARM.Deploy.0 = Release|ARM
		{E8B81919-F2D4-4BD1-A843-A4FD0C216328}.Release|x64.ActiveCfg = Release|x64
		{E8B81919-F2D4-4BD1-A843-A4FD0C216328}.Release|x64.Build.0 = Release|x64
		{E8B81919-F2D4-4BD1-A843-A4FD0C216328}.Release|x64.Deploy.0 = Release|x64
		{E8B81919-F2D4-4BD1-A843-A4FD0C216328}.Release|x86.ActiveCfg = Release|x86
		{E8B81919-F2D4-4BD1-A843-A4FD0C216328}.Release|x86.Build.0 = Release|x86
		{E8B81919-F2D4-4BD1-A843-A4FD0C216328}.Release|x86.Deploy.0 = Release|x86
	EndGlobalSection
	GlobalSection(SolutionProperties) = preSolution
		HideSolutionNode = FALSE
	EndGlobalSection
EndGlobal
